
Microsoft Visual Studio Solution File, Format Version 12.00
# Visual Studio Version 16
VisualStudioVersion = 16.0.31410.357
MinimumVisualStudioVersion = 10.0.40219.1
Project("{8BC9CEB8-8B4A-11D0-8D11-00A0C91BC942}") = "practise", "practise.vcxproj", "{37D926BD-1CFF-4F30-BA9C-43E91AE8EF03}"
EndProject
Global
	GlobalSection(SolutionConfigurationPlatforms) = preSolution
		Debug|x64 = Debug|x64
		Debug|x86 = Debug|x86
		Release|x64 = Release|x64
		Release|x86 = Release|x86
	EndGlobalSection
	GlobalSection(ProjectConfigurationPlatforms) = postSolution
		{37D926BD-1CFF-4F30-BA9C-43E91AE8EF03}.Debug|x64.ActiveCfg = Debug|x64
		{37D926BD-1CFF-4F30-BA9C-43E91AE8EF03}.Debug|x64.Build.0 = Debug|x64
		{37D926BD-1CFF-4F30-BA9C-43E91AE8EF03}.Debug|x86.ActiveCfg = Debug|Win32
		{37D926BD-1CFF-4F30-BA9C-43E91AE8EF03}.Debug|x86.Build.0 = Debug|Win32
		{37D926BD-1CFF-4F30-BA9C-43E91AE8EF03}.Release|x64.ActiveCfg = Release|x64
		{37D926BD-1CFF-4F30-BA9C-43E91AE8EF03}.Release|x64.Build.0 = Release|x64
		{37D926BD-1CFF-4F30-BA9C-43E91AE8EF03}.Release|x86.ActiveCfg = Release|Win32
		{37D926BD-1CFF-4F30-BA9C-43E91AE8EF03}.Release|x86.Build.0 = Release|Win32
	EndGlobalSection
	GlobalSection(SolutionProperties) = preSolution
		HideSolutionNode = FALSE
	EndGlobalSection
	GlobalSection(ExtensibilityGlobals) = postSolution
		SolutionGuid = {73DFCC50-8C91-46AF-86CA-2ECEE3EE5D10}
	EndGlobalSection
EndGlobal
